
Microsoft Visual Studio Solution File, Format Version 9.00
# Visual Studio 2005
Project("{FAE04EC0-301F-11D3-BF4B-00C04F79EFBC}") = "SgartItSpDocLibTreeView", "SgartItSpDocLibTreeView\SgartItSpDocLibTreeView.csproj", "{FD42A2FE-A2D5-4EFE-AF48-7C6F4A24936F}"
EndProject
Global
	GlobalSection(TeamFoundationVersionControl) = preSolution
		SccNumberOfProjects = 2
		SccEnterpriseProvider = {4CA58AB2-18FA-4F8D-95D4-32DDF27D184C}
		SccTeamFoundationServer = https://tfs.codeplex.com/tfs/TFS27
		SccLocalPath0 = .
		SccProjectUniqueName1 = SgartItSpDocLibTreeView\\SgartItSpDocLibTreeView.csproj
		SccProjectName1 = SgartItSpDocLibTreeView
		SccLocalPath1 = SgartItSpDocLibTreeView
	EndGlobalSection
	GlobalSection(SolutionConfigurationPlatforms) = preSolution
		Debug|Any CPU = Debug|Any CPU
		Release|Any CPU = Release|Any CPU
	EndGlobalSection
	GlobalSection(ProjectConfigurationPlatforms) = postSolution
		{FD42A2FE-A2D5-4EFE-AF48-7C6F4A24936F}.Debug|Any CPU.ActiveCfg = Debug|Any CPU
		{FD42A2FE-A2D5-4EFE-AF48-7C6F4A24936F}.Debug|Any CPU.Build.0 = Debug|Any CPU
		{FD42A2FE-A2D5-4EFE-AF48-7C6F4A24936F}.Release|Any CPU.ActiveCfg = Release|Any CPU
		{FD42A2FE-A2D5-4EFE-AF48-7C6F4A24936F}.Release|Any CPU.Build.0 = Release|Any CPU
	EndGlobalSection
	GlobalSection(SolutionProperties) = preSolution
		HideSolutionNode = FALSE
	EndGlobalSection
EndGlobal
